
Microsoft Visual Studio Solution File, Format Version 12.00
# Visual Studio Express 2012 for Windows Desktop
Project("{F184B08F-C81C-45F6-A57F-5ABD9991F28F}") = "NjRat", "NjRat.vbproj", "{75B9CB49-03B1-4EFE-B100-CB83C232D62E}"
EndProject
Global
	GlobalSection(SolutionConfigurationPlatforms) = preSolution
		Debug|Any CPU = Debug|Any CPU
		Release|Any CPU = Release|Any CPU
	EndGlobalSection
	GlobalSection(ProjectConfigurationPlatforms) = postSolution
		{75B9CB49-03B1-4EFE-B100-CB83C232D62E}.Debug|Any CPU.ActiveCfg = Debug|Any CPU
		{75B9CB49-03B1-4EFE-B100-CB83C232D62E}.Debug|Any CPU.Build.0 = Debug|Any CPU
		{75B9CB49-03B1-4EFE-B100-CB83C232D62E}.Release|Any CPU.ActiveCfg = Release|Any CPU
		{75B9CB49-03B1-4EFE-B100-CB83C232D62E}.Release|Any CPU.Build.0 = Release|Any CPU
	EndGlobalSection
	GlobalSection(SolutionProperties) = preSolution
		HideSolutionNode = FALSE
	EndGlobalSection
EndGlobal
